
Microsoft Visual Studio Solution File, Format Version 12.00
# Visual Studio 15
VisualStudioVersion = 15.0.27703.2000
MinimumVisualStudioVersion = 10.0.40219.1
Project("{9A19103F-16F7-4668-BE54-9A1E7A4F7556}") = "BasketAPI", "BasketAPI\BasketAPI.csproj", "{E48D05A3-C232-4896-9B26-411B45957D2C}"
EndProject
Project("{FAE04EC0-301F-11D3-BF4B-00C04F79EFBC}") = "BasketAPI.Testing", "BasketAPI.Testing\BasketAPI.Testing.csproj", "{770D027B-BE2C-4CDA-A75C-98FD73BDDA4D}"
EndProject
Global
	GlobalSection(SolutionConfigurationPlatforms) = preSolution
		Debug|Any CPU = Debug|Any CPU
		Release|Any CPU = Release|Any CPU
	EndGlobalSection
	GlobalSection(ProjectConfigurationPlatforms) = postSolution
		{E48D05A3-C232-4896-9B26-411B45957D2C}.Debug|Any CPU.ActiveCfg = Debug|Any CPU
		{E48D05A3-C232-4896-9B26-411B45957D2C}.Debug|Any CPU.Build.0 = Debug|Any CPU
		{E48D05A3-C232-4896-9B26-411B45957D2C}.Release|Any CPU.ActiveCfg = Release|Any CPU
		{E48D05A3-C232-4896-9B26-411B45957D2C}.Release|Any CPU.Build.0 = Release|Any CPU
		{770D027B-BE2C-4CDA-A75C-98FD73BDDA4D}.Debug|Any CPU.ActiveCfg = Debug|Any CPU
		{770D027B-BE2C-4CDA-A75C-98FD73BDDA4D}.Debug|Any CPU.Build.0 = Debug|Any CPU
		{770D027B-BE2C-4CDA-A75C-98FD73BDDA4D}.Release|Any CPU.ActiveCfg = Release|Any CPU
		{770D027B-BE2C-4CDA-A75C-98FD73BDDA4D}.Release|Any CPU.Build.0 = Release|Any CPU
	EndGlobalSection
	GlobalSection(SolutionProperties) = preSolution
		HideSolutionNode = FALSE
	EndGlobalSection
	GlobalSection(ExtensibilityGlobals) = postSolution
		SolutionGuid = {97E256E7-FAA8-4640-BB2B-55FB8C86C915}
	EndGlobalSection
EndGlobal
